
Microsoft Visual Studio Solution File, Format Version 12.00
# Visual Studio Version 17
VisualStudioVersion = 17.2.32616.157
MinimumVisualStudioVersion = 10.0.40219.1
Project("{9A19103F-16F7-4668-BE54-9A1E7A4F7556}") = "SimpleFileParser", "SimpleFileParser\SimpleFileParser.csproj", "{674F3BD6-4E88-4129-8170-552E624810E1}"
EndProject
Project("{9A19103F-16F7-4668-BE54-9A1E7A4F7556}") = "BIRService", "BIRService\BIRService.csproj", "{9AE1D6CB-965C-4A02-964A-C359357ECEA4}"
EndProject
Project("{9A19103F-16F7-4668-BE54-9A1E7A4F7556}") = "BIRBlazorTest", "BIRBlazorTest\BIRBlazorTest.csproj", "{2E6E425E-2B12-426C-B6E2-F269864790DA}"
EndProject
Project("{2150E333-8FDC-42A3-9474-1A3956D46DE8}") = "src", "src", "{EAD19EFA-0F5B-4E4C-8D57-B36CE6FF3DE5}"
	ProjectSection(SolutionItems) = preProject
		README.md = README.md
	EndProjectSection
EndProject
Project("{2150E333-8FDC-42A3-9474-1A3956D46DE8}") = "SimpleFileParser", "SimpleFileParser", "{57987BE9-BB3C-4B81-BD1D-4EB0459C7CD5}"
EndProject
Project("{2150E333-8FDC-42A3-9474-1A3956D46DE8}") = "BIRServiceTest", "BIRServiceTest", "{9EB40E8A-AC7F-4194-82A4-81F308A6A487}"
EndProject
Project("{FAE04EC0-301F-11D3-BF4B-00C04F79EFBC}") = "MFApiService", "MFApiService\MFApiService.csproj", "{FD4F1690-E708-4DC0-AF96-5DFB1777406F}"
EndProject
Global
	GlobalSection(SolutionConfigurationPlatforms) = preSolution
		Debug|Any CPU = Debug|Any CPU
		Release|Any CPU = Release|Any CPU
	EndGlobalSection
	GlobalSection(ProjectConfigurationPlatforms) = postSolution
		{674F3BD6-4E88-4129-8170-552E624810E1}.Debug|Any CPU.ActiveCfg = Debug|Any CPU
		{674F3BD6-4E88-4129-8170-552E624810E1}.Debug|Any CPU.Build.0 = Debug|Any CPU
		{674F3BD6-4E88-4129-8170-552E624810E1}.Release|Any CPU.ActiveCfg = Release|Any CPU
		{674F3BD6-4E88-4129-8170-552E624810E1}.Release|Any CPU.Build.0 = Release|Any CPU
		{9AE1D6CB-965C-4A02-964A-C359357ECEA4}.Debug|Any CPU.ActiveCfg = Debug|Any CPU
		{9AE1D6CB-965C-4A02-964A-C359357ECEA4}.Debug|Any CPU.Build.0 = Debug|Any CPU
		{9AE1D6CB-965C-4A02-964A-C359357ECEA4}.Release|Any CPU.ActiveCfg = Release|Any CPU
		{9AE1D6CB-965C-4A02-964A-C359357ECEA4}.Release|Any CPU.Build.0 = Release|Any CPU
		{2E6E425E-2B12-426C-B6E2-F269864790DA}.Debug|Any CPU.ActiveCfg = Debug|Any CPU
		{2E6E425E-2B12-426C-B6E2-F269864790DA}.Debug|Any CPU.Build.0 = Debug|Any CPU
		{2E6E425E-2B12-426C-B6E2-F269864790DA}.Release|Any CPU.ActiveCfg = Release|Any CPU
		{2E6E425E-2B12-426C-B6E2-F269864790DA}.Release|Any CPU.Build.0 = Release|Any CPU
		{FD4F1690-E708-4DC0-AF96-5DFB1777406F}.Debug|Any CPU.ActiveCfg = Debug|Any CPU
		{FD4F1690-E708-4DC0-AF96-5DFB1777406F}.Debug|Any CPU.Build.0 = Debug|Any CPU
		{FD4F1690-E708-4DC0-AF96-5DFB1777406F}.Release|Any CPU.ActiveCfg = Release|Any CPU
		{FD4F1690-E708-4DC0-AF96-5DFB1777406F}.Release|Any CPU.Build.0 = Release|Any CPU
	EndGlobalSection
	GlobalSection(SolutionProperties) = preSolution
		HideSolutionNode = FALSE
	EndGlobalSection
	GlobalSection(NestedProjects) = preSolution
		{674F3BD6-4E88-4129-8170-552E624810E1} = {57987BE9-BB3C-4B81-BD1D-4EB0459C7CD5}
		{9AE1D6CB-965C-4A02-964A-C359357ECEA4} = {9EB40E8A-AC7F-4194-82A4-81F308A6A487}
		{2E6E425E-2B12-426C-B6E2-F269864790DA} = {9EB40E8A-AC7F-4194-82A4-81F308A6A487}
		{57987BE9-BB3C-4B81-BD1D-4EB0459C7CD5} = {EAD19EFA-0F5B-4E4C-8D57-B36CE6FF3DE5}
		{9EB40E8A-AC7F-4194-82A4-81F308A6A487} = {EAD19EFA-0F5B-4E4C-8D57-B36CE6FF3DE5}
		{FD4F1690-E708-4DC0-AF96-5DFB1777406F} = {9EB40E8A-AC7F-4194-82A4-81F308A6A487}
	EndGlobalSection
	GlobalSection(ExtensibilityGlobals) = postSolution
		SolutionGuid = {E69BF89D-2769-4925-A756-3BAE839FF160}
	EndGlobalSection
EndGlobal
